// !$*UTF8*$!
{
	archiveVersion = 1;
	classes = {
	};
	objectVersion = 46;
	objects = {

/* Begin PBXBuildFile section */
		8392007A18EE8E3300B6C429 /* GLKit.framework in Frameworks */ = {isa = PBXBuildFile; fileRef = 8392007918EE8E3300B6C429 /* GLKit.framework */; };
		B71F5911188484E7003F4D28 /* iPad-old.png in Resources */ = {isa = PBXBuildFile; fileRef = B71F5907188484E7003F4D28 /* iPad-old.png */; };
		B71F5912188484E7003F4D28 /* iPad-old@2x.png in Resources */ = {isa = PBXBuildFile; fileRef = B71F5908188484E7003F4D28 /* iPad-old@2x.png */; };
		B71F5913188484E7003F4D28 /* iPad.png in Resources */ = {isa = PBXBuildFile; fileRef = B71F5909188484E7003F4D28 /* iPad.png */; };
		B71F5914188484E7003F4D28 /* iPad@2x.png in Resources */ = {isa = PBXBuildFile; fileRef = B71F590A188484E7003F4D28 /* iPad@2x.png */; };
		B71F5915188484E7003F4D28 /* iPhone-old.png in Resources */ = {isa = PBXBuildFile; fileRef = B71F590B188484E7003F4D28 /* iPhone-old.png */; };
		B71F5916188484E7003F4D28 /* iPhone-old@2x.png in Resources */ = {isa = PBXBuildFile; fileRef = B71F590C188484E7003F4D28 /* iPhone-old@2x.png */; };
		B71F5917188484E7003F4D28 /* iPhone.png in Resources */ = {isa = PBXBuildFile; fileRef = B71F590D188484E7003F4D28 /* iPhone.png */; };
		B71F5918188484E7003F4D28 /* iPhone@2x.png in Resources */ = {isa = PBXBuildFile; fileRef = B71F590E188484E7003F4D28 /* iPhone@2x.png */; };
		B71F5919188484E7003F4D28 /* Settings.png in Resources */ = {isa = PBXBuildFile; fileRef = B71F590F188484E7003F4D28 /* Settings.png */; };
		B71F591A188484E7003F4D28 /* Settings@2x.png in Resources */ = {isa = PBXBuildFile; fileRef = B71F5910188484E7003F4D28 /* Settings@2x.png */; };
		B737893B180761570076A88C /* Published-iOS in Resources */ = {isa = PBXBuildFile; fileRef = B737893A180761570076A88C /* Published-iOS */; };
		B737893F1807617C0076A88C /* AppDelegate.m in Sources */ = {isa = PBXBuildFile; fileRef = B737893E1807617C0076A88C /* AppDelegate.m */; };
		B7378975180762440076A88C /* Default-568h@2x.png in Resources */ = {isa = PBXBuildFile; fileRef = B737896B180762440076A88C /* Default-568h@2x.png */; };
		B7378976180762440076A88C /* Default-Landscape~ipad.png in Resources */ = {isa = PBXBuildFile; fileRef = B737896C180762440076A88C /* Default-Landscape~ipad.png */; };
		B7378977180762440076A88C /* Default.png in Resources */ = {isa = PBXBuildFile; fileRef = B737896D180762440076A88C /* Default.png */; };
		B7378978180762440076A88C /* Default@2x.png in Resources */ = {isa = PBXBuildFile; fileRef = B737896E180762440076A88C /* Default@2x.png */; };
		B73789871807631A0076A88C /* main.m in Sources */ = {isa = PBXBuildFile; fileRef = B73789851807631A0076A88C /* main.m */; };
		B737898A1807642B0076A88C /* libcocos2d.a in Frameworks */ = {isa = PBXBuildFile; fileRef = B737894B180761A90076A88C /* libcocos2d.a */; };
		B7378994180767190076A88C /* MainScene.m in Sources */ = {isa = PBXBuildFile; fileRef = B7378993180767190076A88C /* MainScene.m */; };
		B77F1B3217B978D7009739AE /* QuartzCore.framework in Frameworks */ = {isa = PBXBuildFile; fileRef = B77F1B3117B978D7009739AE /* QuartzCore.framework */; };
		B77F1B3417B978D7009739AE /* OpenGLES.framework in Frameworks */ = {isa = PBXBuildFile; fileRef = B77F1B3317B978D7009739AE /* OpenGLES.framework */; };
		B77F1B3617B978D7009739AE /* OpenAL.framework in Frameworks */ = {isa = PBXBuildFile; fileRef = B77F1B3517B978D7009739AE /* OpenAL.framework */; };
		B77F1B3817B978D7009739AE /* AudioToolbox.framework in Frameworks */ = {isa = PBXBuildFile; fileRef = B77F1B3717B978D7009739AE /* AudioToolbox.framework */; };
		B77F1B3A17B978D7009739AE /* AVFoundation.framework in Frameworks */ = {isa = PBXBuildFile; fileRef = B77F1B3917B978D7009739AE /* AVFoundation.framework */; };
		B77F1B3C17B978D7009739AE /* UIKit.framework in Frameworks */ = {isa = PBXBuildFile; fileRef = B77F1B3B17B978D7009739AE /* UIKit.framework */; };
		B77F1B3E17B978D7009739AE /* Foundation.framework in Frameworks */ = {isa = PBXBuildFile; fileRef = B77F1B3D17B978D7009739AE /* Foundation.framework */; };
		B77F1B4017B978D7009739AE /* CoreGraphics.framework in Frameworks */ = {isa = PBXBuildFile; fileRef = B77F1B3F17B978D7009739AE /* CoreGraphics.framework */; };
		B77F1B4217B978D7009739AE /* CoreText.framework in Frameworks */ = {isa = PBXBuildFile; fileRef = B77F1B4117B978D7009739AE /* CoreText.framework */; };
		BE0867F71985405C007260E9 /* achievement_const.plist in Resources */ = {isa = PBXBuildFile; fileRef = BE0867F61985405C007260E9 /* achievement_const.plist */; };
		BE0B2B4A198CF563000C76DF /* GuideScene.h in Resources */ = {isa = PBXBuildFile; fileRef = BE0B2B49198CF563000C76DF /* GuideScene.h */; };
		BE0B2B4D198CF597000C76DF /* GuideScene.m in Sources */ = {isa = PBXBuildFile; fileRef = BE0B2B4C198CF597000C76DF /* GuideScene.m */; };
		BE1E4ED219813E01000EED56 /* StoreScene.m in Sources */ = {isa = PBXBuildFile; fileRef = BE1E4ED119813E01000EED56 /* StoreScene.m */; };
		BE1E4ED519814ACE000EED56 /* StoreItem.m in Sources */ = {isa = PBXBuildFile; fileRef = BE1E4ED419814ACE000EED56 /* StoreItem.m */; };
		BE203C361993AE1700AB73C4 /* Reward.m in Sources */ = {isa = PBXBuildFile; fileRef = BE203C351993AE1700AB73C4 /* Reward.m */; };
		BE47C97B197BF836003743C5 /* libMobClickGameLibrary.a in Frameworks */ = {isa = PBXBuildFile; fileRef = BE47C953197BF836003743C5 /* libMobClickGameLibrary.a */; };
		BE47C97C197BF836003743C5 /* UMSocialLocalizable.strings in Resources */ = {isa = PBXBuildFile; fileRef = BE47C957197BF836003743C5 /* UMSocialLocalizable.strings */; };
		BE47C97D197BF836003743C5 /* libUMSocial_Sdk_3.3.8.a in Frameworks */ = {isa = PBXBuildFile; fileRef = BE47C965197BF836003743C5 /* libUMSocial_Sdk_3.3.8.a */; };
		BE47C97E197BF836003743C5 /* UMSCommentDetailController.xib in Resources */ = {isa = PBXBuildFile; fileRef = BE47C967197BF836003743C5 /* UMSCommentDetailController.xib */; };
		BE47C97F197BF836003743C5 /* UMSCommentInputController.xib in Resources */ = {isa = PBXBuildFile; fileRef = BE47C968197BF836003743C5 /* UMSCommentInputController.xib */; };
		BE47C980197BF836003743C5 /* UMSCommentInputControlleriPad.xib in Resources */ = {isa = PBXBuildFile; fileRef = BE47C969197BF836003743C5 /* UMSCommentInputControlleriPad.xib */; };
		BE47C981197BF836003743C5 /* UMShareEditViewController.xib in Resources */ = {isa = PBXBuildFile; fileRef = BE47C96A197BF836003743C5 /* UMShareEditViewController.xib */; };
		BE47C982197BF836003743C5 /* UMShareEditViewControlleriPad.xib in Resources */ = {isa = PBXBuildFile; fileRef = BE47C96B197BF836003743C5 /* UMShareEditViewControlleriPad.xib */; };
		BE47C983197BF836003743C5 /* UMSLoginViewController.xib in Resources */ = {isa = PBXBuildFile; fileRef = BE47C96C197BF836003743C5 /* UMSLoginViewController.xib */; };
		BE47C984197BF836003743C5 /* UMSnsAccountViewController.xib in Resources */ = {isa = PBXBuildFile; fileRef = BE47C96D197BF836003743C5 /* UMSnsAccountViewController.xib */; };
		BE47C985197BF836003743C5 /* UMSShareListController.xib in Resources */ = {isa = PBXBuildFile; fileRef = BE47C96E197BF836003743C5 /* UMSShareListController.xib */; };
		BE47C986197BF836003743C5 /* ios-social-sdk-shake.html in Resources */ = {isa = PBXBuildFile; fileRef = BE47C970197BF836003743C5 /* ios-social-sdk-shake.html */; };
		BE47C987197BF836003743C5 /* libUMSocial_Sdk_ScreenShot_1.0.a in Frameworks */ = {isa = PBXBuildFile; fileRef = BE47C971197BF836003743C5 /* libUMSocial_Sdk_ScreenShot_1.0.a */; };
		BE47C988197BF837003743C5 /* UMSocialSDKResourcesNew.bundle in Resources */ = {isa = PBXBuildFile; fileRef = BE47C973197BF836003743C5 /* UMSocialSDKResourcesNew.bundle */; };
		BE47C989197BF837003743C5 /* libSocialWechat.a in Frameworks */ = {isa = PBXBuildFile; fileRef = BE47C976197BF836003743C5 /* libSocialWechat.a */; };
		BE47C98A197BF837003743C5 /* libWeChatSDK.a in Frameworks */ = {isa = PBXBuildFile; fileRef = BE47C977197BF836003743C5 /* libWeChatSDK.a */; };
		BE47C9A1197BF929003743C5 /* PZWebManager.m in Sources */ = {isa = PBXBuildFile; fileRef = BE47C99E197BF929003743C5 /* PZWebManager.m */; };
		BE47C9A2197BF929003743C5 /* Reachability.m in Sources */ = {isa = PBXBuildFile; fileRef = BE47C9A0197BF929003743C5 /* Reachability.m */; };
		BE47C9DC197BFA37003743C5 /* CashStoreManager.m in Sources */ = {isa = PBXBuildFile; fileRef = BE47C9CD197BFA37003743C5 /* CashStoreManager.m */; };
		BE47C9DD197BFA37003743C5 /* CashStorePaymentObserver.m in Sources */ = {isa = PBXBuildFile; fileRef = BE47C9CF197BFA37003743C5 /* CashStorePaymentObserver.m */; };
		BE47C9FA197BFAC7003743C5 /* Becterial.m in Sources */ = {isa = PBXBuildFile; fileRef = BE47C9EB197BFAC7003743C5 /* Becterial.m */; };
		BE47C9FB197BFAC7003743C5 /* DataStorageManager.m in Sources */ = {isa = PBXBuildFile; fileRef = BE47C9ED197BFAC7003743C5 /* DataStorageManager.m */; };
		BE47C9FC197BFAC7003743C5 /* GameCenterManager.m in Sources */ = {isa = PBXBuildFile; fileRef = BE47C9F0197BFAC7003743C5 /* GameCenterManager.m */; };
		BE47C9FE197BFAC7003743C5 /* Killer.m in Sources */ = {isa = PBXBuildFile; fileRef = BE47C9F4197BFAC7003743C5 /* Killer.m */; };
		BE47C9FF197BFAC7003743C5 /* products.plist in Resources */ = {isa = PBXBuildFile; fileRef = BE47C9F5197BFAC7003743C5 /* products.plist */; };
		BE47CA00197BFAC7003743C5 /* PZLabelScore.m in Sources */ = {isa = PBXBuildFile; fileRef = BE47C9F7197BFAC7003743C5 /* PZLabelScore.m */; };
		BE47CA01197BFAC7003743C5 /* ScoreScene.m in Sources */ = {isa = PBXBuildFile; fileRef = BE47C9F9197BFAC7003743C5 /* ScoreScene.m */; };
		BE6423231982BBF500669D61 /* ScoreNode.m in Sources */ = {isa = PBXBuildFile; fileRef = BE6423221982BBF500669D61 /* ScoreNode.m */; };
		BE6423311982BC6C00669D61 /* libOpenIDFA.a in Frameworks */ = {isa = PBXBuildFile; fileRef = BE64232F1982BC6C00669D61 /* libOpenIDFA.a */; };
		BE6423321982BC6C00669D61 /* libYouMi.a in Frameworks */ = {isa = PBXBuildFile; fileRef = BE6423301982BC6C00669D61 /* libYouMi.a */; };
		BE83D2F8197FF48600E3D7AA /* VirtualStore.m in Sources */ = {isa = PBXBuildFile; fileRef = BE83D2F7197FF48600E3D7AA /* VirtualStore.m */; };
		BE83D30019800CD200E3D7AA /* virtual_const.plist in Resources */ = {isa = PBXBuildFile; fileRef = BE83D2FF19800CD200E3D7AA /* virtual_const.plist */; };
		BE97B5B1197C106400D8322D /* Images.xcassets in Resources */ = {isa = PBXBuildFile; fileRef = BE97B5B0197C106400D8322D /* Images.xcassets */; };
		BE97B5C3197C10F700D8322D /* GameKit.framework in Frameworks */ = {isa = PBXBuildFile; fileRef = BE97B5C2197C10F700D8322D /* GameKit.framework */; };
		BE97B5C5197C10FF00D8322D /* StoreKit.framework in Frameworks */ = {isa = PBXBuildFile; fileRef = BE97B5C4197C10FF00D8322D /* StoreKit.framework */; };
		BE97B5C7197C113300D8322D /* CFNetwork.framework in Frameworks */ = {isa = PBXBuildFile; fileRef = BE97B5C6197C113300D8322D /* CFNetwork.framework */; };
		BE97B5C9197C114900D8322D /* SystemConfiguration.framework in Frameworks */ = {isa = PBXBuildFile; fileRef = BE97B5C8197C114900D8322D /* SystemConfiguration.framework */; };
		BEAF716C198BD5E0004F6BED /* AdSupport.framework in Frameworks */ = {isa = PBXBuildFile; fileRef = BEAF716B198BD5E0004F6BED /* AdSupport.framework */; settings = {ATTRIBUTES = (Weak, ); }; };
		BEDC301E199109200099FD6D /* GuideKiller.m in Sources */ = {isa = PBXBuildFile; fileRef = BEDC301B199109200099FD6D /* GuideKiller.m */; };
		BEDC301F199109200099FD6D /* GuideUper.m in Sources */ = {isa = PBXBuildFile; fileRef = BEDC301D199109200099FD6D /* GuideUper.m */; };
		BEDFB222197D556100A4E561 /* Uper.m in Sources */ = {isa = PBXBuildFile; fileRef = BEDFB221197D556100A4E561 /* Uper.m */; };
/* End PBXBuildFile section */

/* Begin PBXContainerItemProxy section */
		B737894A180761A90076A88C /* PBXContainerItemProxy */ = {
			isa = PBXContainerItemProxy;
			containerPortal = B7378940180761A80076A88C /* cocos2d-ios.xcodeproj */;
			proxyType = 2;
			remoteGlobalIDString = 5018F24D0DFDEAC400C013A5;
			remoteInfo = cocos2d;
		};
		B7378988180764180076A88C /* PBXContainerItemProxy */ = {
			isa = PBXContainerItemProxy;
			containerPortal = B7378940180761A80076A88C /* cocos2d-ios.xcodeproj */;
			proxyType = 1;
			remoteGlobalIDString = 5018F24C0DFDEAC400C013A5;
			remoteInfo = cocos2d;
		};
/* End PBXContainerItemProxy section */

/* Begin PBXFileReference section */
		8392007918EE8E3300B6C429 /* GLKit.framework */ = {isa = PBXFileReference; lastKnownFileType = wrapper.framework; name = GLKit.framework; path = System/Library/Frameworks/GLKit.framework; sourceTree = SDKROOT; };
		B71F5907188484E7003F4D28 /* iPad-old.png */ = {isa = PBXFileReference; lastKnownFileType = image.png; name = "iPad-old.png"; path = "Icons/iPad-old.png"; sourceTree = "<group>"; };
		B71F5908188484E7003F4D28 /* iPad-old@2x.png */ = {isa = PBXFileReference; lastKnownFileType = image.png; name = "iPad-old@2x.png"; path = "Icons/iPad-old@2x.png"; sourceTree = "<group>"; };
		B71F5909188484E7003F4D28 /* iPad.png */ = {isa = PBXFileReference; lastKnownFileType = image.png; name = iPad.png; path = Icons/iPad.png; sourceTree = "<group>"; };
		B71F590A188484E7003F4D28 /* iPad@2x.png */ = {isa = PBXFileReference; lastKnownFileType = image.png; name = "iPad@2x.png"; path = "Icons/iPad@2x.png"; sourceTree = "<group>"; };
		B71F590B188484E7003F4D28 /* iPhone-old.png */ = {isa = PBXFileReference; lastKnownFileType = image.png; name = "iPhone-old.png"; path = "Icons/iPhone-old.png"; sourceTree = "<group>"; };
		B71F590C188484E7003F4D28 /* iPhone-old@2x.png */ = {isa = PBXFileReference; lastKnownFileType = image.png; name = "iPhone-old@2x.png"; path = "Icons/iPhone-old@2x.png"; sourceTree = "<group>"; };
		B71F590D188484E7003F4D28 /* iPhone.png */ = {isa = PBXFileReference; lastKnownFileType = image.png; name = iPhone.png; path = Icons/iPhone.png; sourceTree = "<group>"; };
		B71F590E188484E7003F4D28 /* iPhone@2x.png */ = {isa = PBXFileReference; lastKnownFileType = image.png; name = "iPhone@2x.png"; path = "Icons/iPhone@2x.png"; sourceTree = "<group>"; };
		B71F590F188484E7003F4D28 /* Settings.png */ = {isa = PBXFileReference; lastKnownFileType = image.png; name = Settings.png; path = Icons/Settings.png; sourceTree = "<group>"; };
		B71F5910188484E7003F4D28 /* Settings@2x.png */ = {isa = PBXFileReference; lastKnownFileType = image.png; name = "Settings@2x.png"; path = "Icons/Settings@2x.png"; sourceTree = "<group>"; };
		B737893A180761570076A88C /* Published-iOS */ = {isa = PBXFileReference; lastKnownFileType = folder; name = "Published-iOS"; path = "Source/Resources/Published-iOS"; sourceTree = SOURCE_ROOT; };
		B737893D1807617C0076A88C /* AppDelegate.h */ = {isa = PBXFileReference; fileEncoding = 4; lastKnownFileType = sourcecode.c.h; name = AppDelegate.h; path = Source/AppDelegate.h; sourceTree = "<group>"; };
		B737893E1807617C0076A88C /* AppDelegate.m */ = {isa = PBXFileReference; fileEncoding = 4; lastKnownFileType = sourcecode.c.objc; name = AppDelegate.m; path = Source/AppDelegate.m; sourceTree = "<group>"; };
		B7378940180761A80076A88C /* cocos2d-ios.xcodeproj */ = {isa = PBXFileReference; lastKnownFileType = "wrapper.pb-project"; name = "cocos2d-ios.xcodeproj"; path = "Source/libs/cocos2d-iphone/cocos2d-ios.xcodeproj"; sourceTree = SOURCE_ROOT; };
		B737896B180762440076A88C /* Default-568h@2x.png */ = {isa = PBXFileReference; lastKnownFileType = image.png; name = "Default-568h@2x.png"; path = "Source/Resources/Default-568h@2x.png"; sourceTree = SOURCE_ROOT; };
		B737896C180762440076A88C /* Default-Landscape~ipad.png */ = {isa = PBXFileReference; lastKnownFileType = image.png; name = "Default-Landscape~ipad.png"; path = "Source/Resources/Default-Landscape~ipad.png"; sourceTree = SOURCE_ROOT; };
		B737896D180762440076A88C /* Default.png */ = {isa = PBXFileReference; lastKnownFileType = image.png; name = Default.png; path = Source/Resources/Default.png; sourceTree = SOURCE_ROOT; };
		B737896E180762440076A88C /* Default@2x.png */ = {isa = PBXFileReference; lastKnownFileType = image.png; name = "Default@2x.png"; path = "Source/Resources/Default@2x.png"; sourceTree = SOURCE_ROOT; };
		B73789851807631A0076A88C /* main.m */ = {isa = PBXFileReference; fileEncoding = 4; lastKnownFileType = sourcecode.c.objc; name = main.m; path = Source/main.m; sourceTree = SOURCE_ROOT; };
		B73789861807631A0076A88C /* Prefix.pch */ = {isa = PBXFileReference; fileEncoding = 4; lastKnownFileType = sourcecode.c.h; name = Prefix.pch; path = Source/Prefix.pch; sourceTree = SOURCE_ROOT; };
		B7378992180767190076A88C /* MainScene.h */ = {isa = PBXFileReference; fileEncoding = 4; lastKnownFileType = sourcecode.c.h; name = MainScene.h; path = Source/MainScene.h; sourceTree = "<group>"; };
		B7378993180767190076A88C /* MainScene.m */ = {isa = PBXFileReference; fileEncoding = 4; lastKnownFileType = sourcecode.c.objc; name = MainScene.m; path = Source/MainScene.m; sourceTree = "<group>"; };
		B77F1B2E17B978D7009739AE /* bacterial2.app */ = {isa = PBXFileReference; explicitFileType = wrapper.application; includeInIndex = 0; path = bacterial2.app; sourceTree = BUILT_PRODUCTS_DIR; };
		B77F1B3117B978D7009739AE /* QuartzCore.framework */ = {isa = PBXFileReference; lastKnownFileType = wrapper.framework; name = QuartzCore.framework; path = System/Library/Frameworks/QuartzCore.framework; sourceTree = SDKROOT; };
		B77F1B3317B978D7009739AE /* OpenGLES.framework */ = {isa = PBXFileReference; lastKnownFileType = wrapper.framework; name = OpenGLES.framework; path = System/Library/Frameworks/OpenGLES.framework; sourceTree = SDKROOT; };
		B77F1B3517B978D7009739AE /* OpenAL.framework */ = {isa = PBXFileReference; lastKnownFileType = wrapper.framework; name = OpenAL.framework; path = System/Library/Frameworks/OpenAL.framework; sourceTree = SDKROOT; };
		B77F1B3717B978D7009739AE /* AudioToolbox.framework */ = {isa = PBXFileReference; lastKnownFileType = wrapper.framework; name = AudioToolbox.framework; path = System/Library/Frameworks/AudioToolbox.framework; sourceTree = SDKROOT; };
		B77F1B3917B978D7009739AE /* AVFoundation.framework */ = {isa = PBXFileReference; lastKnownFileType = wrapper.framework; name = AVFoundation.framework; path = System/Library/Frameworks/AVFoundation.framework; sourceTree = SDKROOT; };
		B77F1B3B17B978D7009739AE /* UIKit.framework */ = {isa = PBXFileReference; lastKnownFileType = wrapper.framework; name = UIKit.framework; path = System/Library/Frameworks/UIKit.framework; sourceTree = SDKROOT; };
		B77F1B3D17B978D7009739AE /* Foundation.framework */ = {isa = PBXFileReference; lastKnownFileType = wrapper.framework; name = Foundation.framework; path = System/Library/Frameworks/Foundation.framework; sourceTree = SDKROOT; };
		B77F1B3F17B978D7009739AE /* CoreGraphics.framework */ = {isa = PBXFileReference; lastKnownFileType = wrapper.framework; name = CoreGraphics.framework; path = System/Library/Frameworks/CoreGraphics.framework; sourceTree = SDKROOT; };
		B77F1B4117B978D7009739AE /* CoreText.framework */ = {isa = PBXFileReference; lastKnownFileType = wrapper.framework; name = CoreText.framework; path = System/Library/Frameworks/CoreText.framework; sourceTree = SDKROOT; };
		B7B3713D180358F1007369CC /* libObjectiveChipmunk.a */ = {isa = PBXFileReference; lastKnownFileType = archive.ar; name = libObjectiveChipmunk.a; path = "../libs/cocos2d-iphone/external/Chipmunk/xcode/build/Debug-iphoneos/libObjectiveChipmunk.a"; sourceTree = "<group>"; };
		BE0867F61985405C007260E9 /* achievement_const.plist */ = {isa = PBXFileReference; fileEncoding = 4; lastKnownFileType = text.plist.xml; name = achievement_const.plist; path = Source/achievement_const.plist; sourceTree = "<group>"; };
		BE0B2B49198CF563000C76DF /* GuideScene.h */ = {isa = PBXFileReference; fileEncoding = 4; lastKnownFileType = sourcecode.c.h; name = GuideScene.h; path = Source/GuideScene.h; sourceTree = "<group>"; };
		BE0B2B4C198CF597000C76DF /* GuideScene.m */ = {isa = PBXFileReference; fileEncoding = 4; lastKnownFileType = sourcecode.c.objc; name = GuideScene.m; path = Source/GuideScene.m; sourceTree = "<group>"; };
		BE1E4ED019813E01000EED56 /* StoreScene.h */ = {isa = PBXFileReference; fileEncoding = 4; lastKnownFileType = sourcecode.c.h; name = StoreScene.h; path = Source/StoreScene.h; sourceTree = "<group>"; };
		BE1E4ED119813E01000EED56 /* StoreScene.m */ = {isa = PBXFileReference; fileEncoding = 4; lastKnownFileType = sourcecode.c.objc; name = StoreScene.m; path = Source/StoreScene.m; sourceTree = "<group>"; };
		BE1E4ED319814ACE000EED56 /* StoreItem.h */ = {isa = PBXFileReference; fileEncoding = 4; lastKnownFileType = sourcecode.c.h; name = StoreItem.h; path = Source/StoreItem.h; sourceTree = "<group>"; };
		BE1E4ED419814ACE000EED56 /* StoreItem.m */ = {isa = PBXFileReference; fileEncoding = 4; lastKnownFileType = sourcecode.c.objc; name = StoreItem.m; path = Source/StoreItem.m; sourceTree = "<group>"; };
		BE203C341993AE1700AB73C4 /* Reward.h */ = {isa = PBXFileReference; fileEncoding = 4; lastKnownFileType = sourcecode.c.h; name = Reward.h; path = Source/Reward.h; sourceTree = "<group>"; };
		BE203C351993AE1700AB73C4 /* Reward.m */ = {isa = PBXFileReference; fileEncoding = 4; lastKnownFileType = sourcecode.c.objc; name = Reward.m; path = Source/Reward.m; sourceTree = "<group>"; };
		BE47C953197BF836003743C5 /* libMobClickGameLibrary.a */ = {isa = PBXFileReference; lastKnownFileType = archive.ar; path = libMobClickGameLibrary.a; sourceTree = "<group>"; };
		BE47C954197BF836003743C5 /* MobClick.h */ = {isa = PBXFileReference; fileEncoding = 4; lastKnownFileType = sourcecode.c.h; path = MobClick.h; sourceTree = "<group>"; };
		BE47C955197BF836003743C5 /* MobClickGameAnalytics.h */ = {isa = PBXFileReference; fileEncoding = 4; lastKnownFileType = sourcecode.c.h; path = MobClickGameAnalytics.h; sourceTree = "<group>"; };
		BE47C95A197BF836003743C5 /* UMSocial.h */ = {isa = PBXFileReference; fileEncoding = 4; lastKnownFileType = sourcecode.c.h; path = UMSocial.h; sourceTree = "<group>"; };
		BE47C95B197BF836003743C5 /* UMSocialAccountManager.h */ = {isa = PBXFileReference; fileEncoding = 4; lastKnownFileType = sourcecode.c.h; path = UMSocialAccountManager.h; sourceTree = "<group>"; };
		BE47C95C197BF836003743C5 /* UMSocialBar.h */ = {isa = PBXFileReference; fileEncoding = 4; lastKnownFileType = sourcecode.c.h; path = UMSocialBar.h; sourceTree = "<group>"; };
		BE47C95D197BF836003743C5 /* UMSocialConfig.h */ = {isa = PBXFileReference; fileEncoding = 4; lastKnownFileType = sourcecode.c.h; path = UMSocialConfig.h; sourceTree = "<group>"; };
		BE47C95E197BF836003743C5 /* UMSocialControllerService.h */ = {isa = PBXFileReference; fileEncoding = 4; lastKnownFileType = sourcecode.c.h; path = UMSocialControllerService.h; sourceTree = "<group>"; };
		BE47C95F197BF836003743C5 /* UMSocialControllerServiceComment.h */ = {isa = PBXFileReference; fileEncoding = 4; lastKnownFileType = sourcecode.c.h; path = UMSocialControllerServiceComment.h; sourceTree = "<group>"; };
		BE47C960197BF836003743C5 /* UMSocialData.h */ = {isa = PBXFileReference; fileEncoding = 4; lastKnownFileType = sourcecode.c.h; path = UMSocialData.h; sourceTree = "<group>"; };
		BE47C961197BF836003743C5 /* UMSocialDataService.h */ = {isa = PBXFileReference; fileEncoding = 4; lastKnownFileType = sourcecode.c.h; path = UMSocialDataService.h; sourceTree = "<group>"; };
		BE47C962197BF836003743C5 /* UMSocialSnsData.h */ = {isa = PBXFileReference; fileEncoding = 4; lastKnownFileType = sourcecode.c.h; path = UMSocialSnsData.h; sourceTree = "<group>"; };
		BE47C963197BF836003743C5 /* UMSocialSnsPlatformManager.h */ = {isa = PBXFileReference; fileEncoding = 4; lastKnownFileType = sourcecode.c.h; path = UMSocialSnsPlatformManager.h; sourceTree = "<group>"; };
		BE47C964197BF836003743C5 /* UMSocialSnsService.h */ = {isa = PBXFileReference; fileEncoding = 4; lastKnownFileType = sourcecode.c.h; path = UMSocialSnsService.h; sourceTree = "<group>"; };
		BE47C965197BF836003743C5 /* libUMSocial_Sdk_3.3.8.a */ = {isa = PBXFileReference; lastKnownFileType = archive.ar; path = libUMSocial_Sdk_3.3.8.a; sourceTree = "<group>"; };
		BE47C967197BF836003743C5 /* UMSCommentDetailController.xib */ = {isa = PBXFileReference; fileEncoding = 4; lastKnownFileType = file.xib; path = UMSCommentDetailController.xib; sourceTree = "<group>"; };
		BE47C968197BF836003743C5 /* UMSCommentInputController.xib */ = {isa = PBXFileReference; fileEncoding = 4; lastKnownFileType = file.xib; path = UMSCommentInputController.xib; sourceTree = "<group>"; };
		BE47C969197BF836003743C5 /* UMSCommentInputControlleriPad.xib */ = {isa = PBXFileReference; fileEncoding = 4; lastKnownFileType = file.xib; path = UMSCommentInputControlleriPad.xib; sourceTree = "<group>"; };
		BE47C96A197BF836003743C5 /* UMShareEditViewController.xib */ = {isa = PBXFileReference; fileEncoding = 4; lastKnownFileType = file.xib; path = UMShareEditViewController.xib; sourceTree = "<group>"; };
		BE47C96B197BF836003743C5 /* UMShareEditViewControlleriPad.xib */ = {isa = PBXFileReference; fileEncoding = 4; lastKnownFileType = file.xib; path = UMShareEditViewControlleriPad.xib; sourceTree = "<group>"; };
		BE47C96C197BF836003743C5 /* UMSLoginViewController.xib */ = {isa = PBXFileReference; fileEncoding = 4; lastKnownFileType = file.xib; path = UMSLoginViewController.xib; sourceTree = "<group>"; };
		BE47C96D197BF836003743C5 /* UMSnsAccountViewController.xib */ = {isa = PBXFileReference; fileEncoding = 4; lastKnownFileType = file.xib; path = UMSnsAccountViewController.xib; sourceTree = "<group>"; };
		BE47C96E197BF836003743C5 /* UMSShareListController.xib */ = {isa = PBXFileReference; fileEncoding = 4; lastKnownFileType = file.xib; path = UMSShareListController.xib; sourceTree = "<group>"; };
		BE47C970197BF836003743C5 /* ios-social-sdk-shake.html */ = {isa = PBXFileReference; fileEncoding = 4; lastKnownFileType = text.html; path = "ios-social-sdk-shake.html"; sourceTree = "<group>"; };
		BE47C971197BF836003743C5 /* libUMSocial_Sdk_ScreenShot_1.0.a */ = {isa = PBXFileReference; lastKnownFileType = archive.ar; path = libUMSocial_Sdk_ScreenShot_1.0.a; sourceTree = "<group>"; };
		BE47C972197BF836003743C5 /* UMSocialScreenShoter.h */ = {isa = PBXFileReference; fileEncoding = 4; lastKnownFileType = sourcecode.c.h; path = UMSocialScreenShoter.h; sourceTree = "<group>"; };
		BE47C973197BF836003743C5 /* UMSocialSDKResourcesNew.bundle */ = {isa = PBXFileReference; lastKnownFileType = "wrapper.plug-in"; path = UMSocialSDKResourcesNew.bundle; sourceTree = "<group>"; };
		BE47C974197BF836003743C5 /* zh-Hans */ = {isa = PBXFileReference; lastKnownFileType = text.plist.strings; name = "zh-Hans"; path = "zh-Hans.lproj/UMSocialLocalizable.strings"; sourceTree = "<group>"; };
		BE47C976197BF836003743C5 /* libSocialWechat.a */ = {isa = PBXFileReference; lastKnownFileType = archive.ar; path = libSocialWechat.a; sourceTree = "<group>"; };
		BE47C977197BF836003743C5 /* libWeChatSDK.a */ = {isa = PBXFileReference; lastKnownFileType = archive.ar; path = libWeChatSDK.a; sourceTree = "<group>"; };
		BE47C978197BF836003743C5 /* UMSocialWechatHandler.h */ = {isa = PBXFileReference; fileEncoding = 4; lastKnownFileType = sourcecode.c.h; path = UMSocialWechatHandler.h; sourceTree = "<group>"; };
		BE47C979197BF836003743C5 /* WXApi.h */ = {isa = PBXFileReference; fileEncoding = 4; lastKnownFileType = sourcecode.c.h; path = WXApi.h; sourceTree = "<group>"; };
		BE47C97A197BF836003743C5 /* WXApiObject.h */ = {isa = PBXFileReference; fileEncoding = 4; lastKnownFileType = sourcecode.c.h; path = WXApiObject.h; sourceTree = "<group>"; };
		BE47C99D197BF929003743C5 /* PZWebManager.h */ = {isa = PBXFileReference; fileEncoding = 4; lastKnownFileType = sourcecode.c.h; name = PZWebManager.h; path = Source/PZWebManager.h; sourceTree = "<group>"; };
		BE47C99E197BF929003743C5 /* PZWebManager.m */ = {isa = PBXFileReference; fileEncoding = 4; lastKnownFileType = sourcecode.c.objc; name = PZWebManager.m; path = Source/PZWebManager.m; sourceTree = "<group>"; };
		BE47C99F197BF929003743C5 /* Reachability.h */ = {isa = PBXFileReference; fileEncoding = 4; lastKnownFileType = sourcecode.c.h; name = Reachability.h; path = Source/Reachability.h; sourceTree = "<group>"; };
		BE47C9A0197BF929003743C5 /* Reachability.m */ = {isa = PBXFileReference; fileEncoding = 4; lastKnownFileType = sourcecode.c.objc; name = Reachability.m; path = Source/Reachability.m; sourceTree = "<group>"; };
		BE47C9CC197BFA37003743C5 /* CashStoreManager.h */ = {isa = PBXFileReference; fileEncoding = 4; lastKnownFileType = sourcecode.c.h; name = CashStoreManager.h; path = Source/CashStoreManager.h; sourceTree = "<group>"; };
		BE47C9CD197BFA37003743C5 /* CashStoreManager.m */ = {isa = PBXFileReference; fileEncoding = 4; lastKnownFileType = sourcecode.c.objc; name = CashStoreManager.m; path = Source/CashStoreManager.m; sourceTree = "<group>"; };
		BE47C9CE197BFA37003743C5 /* CashStorePaymentObserver.h */ = {isa = PBXFileReference; fileEncoding = 4; lastKnownFileType = sourcecode.c.h; name = CashStorePaymentObserver.h; path = Source/CashStorePaymentObserver.h; sourceTree = "<group>"; };
		BE47C9CF197BFA37003743C5 /* CashStorePaymentObserver.m */ = {isa = PBXFileReference; fileEncoding = 4; lastKnownFileType = sourcecode.c.objc; name = CashStorePaymentObserver.m; path = Source/CashStorePaymentObserver.m; sourceTree = "<group>"; };
		BE47C9EA197BFAC7003743C5 /* Becterial.h */ = {isa = PBXFileReference; fileEncoding = 4; lastKnownFileType = sourcecode.c.h; name = Becterial.h; path = Source/Becterial.h; sourceTree = "<group>"; };
		BE47C9EB197BFAC7003743C5 /* Becterial.m */ = {isa = PBXFileReference; fileEncoding = 4; lastKnownFileType = sourcecode.c.objc; name = Becterial.m; path = Source/Becterial.m; sourceTree = "<group>"; };
		BE47C9EC197BFAC7003743C5 /* DataStorageManager.h */ = {isa = PBXFileReference; fileEncoding = 4; lastKnownFileType = sourcecode.c.h; name = DataStorageManager.h; path = Source/DataStorageManager.h; sourceTree = "<group>"; };
		BE47C9ED197BFAC7003743C5 /* DataStorageManager.m */ = {isa = PBXFileReference; fileEncoding = 4; lastKnownFileType = sourcecode.c.objc; name = DataStorageManager.m; path = Source/DataStorageManager.m; sourceTree = "<group>"; };
		BE47C9EE197BFAC7003743C5 /* define.h */ = {isa = PBXFileReference; fileEncoding = 4; lastKnownFileType = sourcecode.c.h; name = define.h; path = Source/define.h; sourceTree = "<group>"; };
		BE47C9EF197BFAC7003743C5 /* GameCenterManager.h */ = {isa = PBXFileReference; fileEncoding = 4; lastKnownFileType = sourcecode.c.h; name = GameCenterManager.h; path = Source/GameCenterManager.h; sourceTree = "<group>"; };
		BE47C9F0197BFAC7003743C5 /* GameCenterManager.m */ = {isa = PBXFileReference; fileEncoding = 4; lastKnownFileType = sourcecode.c.objc; name = GameCenterManager.m; path = Source/GameCenterManager.m; sourceTree = "<group>"; };
		BE47C9F3197BFAC7003743C5 /* Killer.h */ = {isa = PBXFileReference; fileEncoding = 4; lastKnownFileType = sourcecode.c.h; name = Killer.h; path = Source/Killer.h; sourceTree = "<group>"; };
		BE47C9F4197BFAC7003743C5 /* Killer.m */ = {isa = PBXFileReference; fileEncoding = 4; lastKnownFileType = sourcecode.c.objc; name = Killer.m; path = Source/Killer.m; sourceTree = "<group>"; };
		BE47C9F5197BFAC7003743C5 /* products.plist */ = {isa = PBXFileReference; fileEncoding = 4; lastKnownFileType = text.plist.xml; name = products.plist; path = Source/products.plist; sourceTree = "<group>"; };
		BE47C9F6197BFAC7003743C5 /* PZLabelScore.h */ = {isa = PBXFileReference; fileEncoding = 4; lastKnownFileType = sourcecode.c.h; name = PZLabelScore.h; path = Source/PZLabelScore.h; sourceTree = "<group>"; };
		BE47C9F7197BFAC7003743C5 /* PZLabelScore.m */ = {isa = PBXFileReference; fileEncoding = 4; lastKnownFileType = sourcecode.c.objc; name = PZLabelScore.m; path = Source/PZLabelScore.m; sourceTree = "<group>"; };
		BE47C9F8197BFAC7003743C5 /* ScoreScene.h */ = {isa = PBXFileReference; fileEncoding = 4; lastKnownFileType = sourcecode.c.h; name = ScoreScene.h; path = Source/ScoreScene.h; sourceTree = "<group>"; };
		BE47C9F9197BFAC7003743C5 /* ScoreScene.m */ = {isa = PBXFileReference; fileEncoding = 4; lastKnownFileType = sourcecode.c.objc; name = ScoreScene.m; path = Source/ScoreScene.m; sourceTree = "<group>"; };
		BE6423211982BBF500669D61 /* ScoreNode.h */ = {isa = PBXFileReference; fileEncoding = 4; lastKnownFileType = sourcecode.c.h; name = ScoreNode.h; path = Source/ScoreNode.h; sourceTree = "<group>"; };
		BE6423221982BBF500669D61 /* ScoreNode.m */ = {isa = PBXFileReference; fileEncoding = 4; lastKnownFileType = sourcecode.c.objc; name = ScoreNode.m; path = Source/ScoreNode.m; sourceTree = "<group>"; };
		BE6423261982BC6C00669D61 /* YouMiConfig.h */ = {isa = PBXFileReference; fileEncoding = 4; lastKnownFileType = sourcecode.c.h; path = YouMiConfig.h; sourceTree = "<group>"; };
		BE6423271982BC6C00669D61 /* YouMiDelegateProtocol.h */ = {isa = PBXFileReference; fileEncoding = 4; lastKnownFileType = sourcecode.c.h; path = YouMiDelegateProtocol.h; sourceTree = "<group>"; };
		BE6423281982BC6C00669D61 /* YouMiPointsManager.h */ = {isa = PBXFileReference; fileEncoding = 4; lastKnownFileType = sourcecode.c.h; path = YouMiPointsManager.h; sourceTree = "<group>"; };
		BE6423291982BC6C00669D61 /* YouMiSpots.h */ = {isa = PBXFileReference; fileEncoding = 4; lastKnownFileType = sourcecode.c.h; path = YouMiSpots.h; sourceTree = "<group>"; };
		BE64232A1982BC6C00669D61 /* YouMiView.h */ = {isa = PBXFileReference; fileEncoding = 4; lastKnownFileType = sourcecode.c.h; path = YouMiView.h; sourceTree = "<group>"; };
		BE64232B1982BC6C00669D61 /* YouMiWall.h */ = {isa = PBXFileReference; fileEncoding = 4; lastKnownFileType = sourcecode.c.h; path = YouMiWall.h; sourceTree = "<group>"; };
		BE64232C1982BC6C00669D61 /* YouMiWallAppModel.h */ = {isa = PBXFileReference; fileEncoding = 4; lastKnownFileType = sourcecode.c.h; path = YouMiWallAppModel.h; sourceTree = "<group>"; };
		BE64232D1982BC6C00669D61 /* YouMiWallSpot.h */ = {isa = PBXFileReference; fileEncoding = 4; lastKnownFileType = sourcecode.c.h; path = YouMiWallSpot.h; sourceTree = "<group>"; };
		BE64232E1982BC6C00669D61 /* YouMiWallSpotView.h */ = {isa = PBXFileReference; fileEncoding = 4; lastKnownFileType = sourcecode.c.h; path = YouMiWallSpotView.h; sourceTree = "<group>"; };
		BE64232F1982BC6C00669D61 /* libOpenIDFA.a */ = {isa = PBXFileReference; lastKnownFileType = archive.ar; path = libOpenIDFA.a; sourceTree = "<group>"; };
		BE6423301982BC6C00669D61 /* libYouMi.a */ = {isa = PBXFileReference; lastKnownFileType = archive.ar; path = libYouMi.a; sourceTree = "<group>"; };
		BE6423331982BC7600669D61 /* youmiconfuse.h */ = {isa = PBXFileReference; fileEncoding = 4; lastKnownFileType = sourcecode.c.h; path = youmiconfuse.h; sourceTree = "<group>"; };
		BE83D2F6197FF48600E3D7AA /* VirtualStore.h */ = {isa = PBXFileReference; fileEncoding = 4; lastKnownFileType = sourcecode.c.h; name = VirtualStore.h; path = Source/VirtualStore.h; sourceTree = "<group>"; };
		BE83D2F7197FF48600E3D7AA /* VirtualStore.m */ = {isa = PBXFileReference; fileEncoding = 4; lastKnownFileType = sourcecode.c.objc; name = VirtualStore.m; path = Source/VirtualStore.m; sourceTree = "<group>"; };
		BE83D2FF19800CD200E3D7AA /* virtual_const.plist */ = {isa = PBXFileReference; fileEncoding = 4; lastKnownFileType = text.plist.xml; name = virtual_const.plist; path = Source/virtual_const.plist; sourceTree = "<group>"; };
		BE97B5B0197C106400D8322D /* Images.xcassets */ = {isa = PBXFileReference; lastKnownFileType = folder.assetcatalog; name = Images.xcassets; path = bacterial2/Images.xcassets; sourceTree = SOURCE_ROOT; };
		BE97B5C2197C10F700D8322D /* GameKit.framework */ = {isa = PBXFileReference; lastKnownFileType = wrapper.framework; name = GameKit.framework; path = System/Library/Frameworks/GameKit.framework; sourceTree = SDKROOT; };
		BE97B5C4197C10FF00D8322D /* StoreKit.framework */ = {isa = PBXFileReference; lastKnownFileType = wrapper.framework; name = StoreKit.framework; path = System/Library/Frameworks/StoreKit.framework; sourceTree = SDKROOT; };
		BE97B5C6197C113300D8322D /* CFNetwork.framework */ = {isa = PBXFileReference; lastKnownFileType = wrapper.framework; name = CFNetwork.framework; path = System/Library/Frameworks/CFNetwork.framework; sourceTree = SDKROOT; };
		BE97B5C8197C114900D8322D /* SystemConfiguration.framework */ = {isa = PBXFileReference; lastKnownFileType = wrapper.framework; name = SystemConfiguration.framework; path = System/Library/Frameworks/SystemConfiguration.framework; sourceTree = SDKROOT; };
		BEAF716B198BD5E0004F6BED /* AdSupport.framework */ = {isa = PBXFileReference; lastKnownFileType = wrapper.framework; name = AdSupport.framework; path = System/Library/Frameworks/AdSupport.framework; sourceTree = SDKROOT; };
		BEDC301A199109200099FD6D /* GuideKiller.h */ = {isa = PBXFileReference; fileEncoding = 4; lastKnownFileType = sourcecode.c.h; name = GuideKiller.h; path = Source/GuideKiller.h; sourceTree = "<group>"; };
		BEDC301B199109200099FD6D /* GuideKiller.m */ = {isa = PBXFileReference; fileEncoding = 4; lastKnownFileType = sourcecode.c.objc; name = GuideKiller.m; path = Source/GuideKiller.m; sourceTree = "<group>"; };
		BEDC301C199109200099FD6D /* GuideUper.h */ = {isa = PBXFileReference; fileEncoding = 4; lastKnownFileType = sourcecode.c.h; name = GuideUper.h; path = Source/GuideUper.h; sourceTree = "<group>"; };
		BEDC301D199109200099FD6D /* GuideUper.m */ = {isa = PBXFileReference; fileEncoding = 4; lastKnownFileType = sourcecode.c.objc; name = GuideUper.m; path = Source/GuideUper.m; sourceTree = "<group>"; };
		BEDFB220197D556100A4E561 /* Uper.h */ = {isa = PBXFileReference; fileEncoding = 4; lastKnownFileType = sourcecode.c.h; name = Uper.h; path = Source/Uper.h; sourceTree = "<group>"; };
		BEDFB221197D556100A4E561 /* Uper.m */ = {isa = PBXFileReference; fileEncoding = 4; lastKnownFileType = sourcecode.c.objc; name = Uper.m; path = Source/Uper.m; sourceTree = "<group>"; };
/* End PBXFileReference section */

/* Begin PBXFrameworksBuildPhase section */
		B77F1B2B17B978D7009739AE /* Frameworks */ = {
			isa = PBXFrameworksBuildPhase;
			buildActionMask = 2147483647;
			files = (
				BEAF716C198BD5E0004F6BED /* AdSupport.framework in Frameworks */,
				BE97B5C9197C114900D8322D /* SystemConfiguration.framework in Frameworks */,
				BE97B5C7197C113300D8322D /* CFNetwork.framework in Frameworks */,
				8392007A18EE8E3300B6C429 /* GLKit.framework in Frameworks */,
				BE6423321982BC6C00669D61 /* libYouMi.a in Frameworks */,
				BE47C989197BF837003743C5 /* libSocialWechat.a in Frameworks */,
				BE47C98A197BF837003743C5 /* libWeChatSDK.a in Frameworks */,
				B737898A1807642B0076A88C /* libcocos2d.a in Frameworks */,
				B77F1B3217B978D7009739AE /* QuartzCore.framework in Frameworks */,
				B77F1B3417B978D7009739AE /* OpenGLES.framework in Frameworks */,
				B77F1B3617B978D7009739AE /* OpenAL.framework in Frameworks */,
				BE97B5C5197C10FF00D8322D /* StoreKit.framework in Frameworks */,
				BE47C97B197BF836003743C5 /* libMobClickGameLibrary.a in Frameworks */,
				BE47C987197BF836003743C5 /* libUMSocial_Sdk_ScreenShot_1.0.a in Frameworks */,
				B77F1B3817B978D7009739AE /* AudioToolbox.framework in Frameworks */,
				B77F1B3A17B978D7009739AE /* AVFoundation.framework in Frameworks */,
				B77F1B3C17B978D7009739AE /* UIKit.framework in Frameworks */,
				BE97B5C3197C10F700D8322D /* GameKit.framework in Frameworks */,
				B77F1B3E17B978D7009739AE /* Foundation.framework in Frameworks */,
				BE47C97D197BF836003743C5 /* libUMSocial_Sdk_3.3.8.a in Frameworks */,
				B77F1B4017B978D7009739AE /* CoreGraphics.framework in Frameworks */,
				BE6423311982BC6C00669D61 /* libOpenIDFA.a in Frameworks */,
				B77F1B4217B978D7009739AE /* CoreText.framework in Frameworks */,
			);
			runOnlyForDeploymentPostprocessing = 0;
		};
/* End PBXFrameworksBuildPhase section */

/* Begin PBXGroup section */
		9222E2B918734FF800A246C7 /* libs */ = {
			isa = PBXGroup;
			children = (
				B7378940180761A80076A88C /* cocos2d-ios.xcodeproj */,
			);
			name = libs;
			sourceTree = "<group>";
		};
		B737893C1807616C0076A88C /* Source */ = {
			isa = PBXGroup;
			children = (
				BEDC301A199109200099FD6D /* GuideKiller.h */,
				BEDC301B199109200099FD6D /* GuideKiller.m */,
				BEDC301C199109200099FD6D /* GuideUper.h */,
				BEDC301D199109200099FD6D /* GuideUper.m */,
				BE0867F61985405C007260E9 /* achievement_const.plist */,
				B737893D1807617C0076A88C /* AppDelegate.h */,
				B737893E1807617C0076A88C /* AppDelegate.m */,
				BE47C9EA197BFAC7003743C5 /* Becterial.h */,
				BE47C9EB197BFAC7003743C5 /* Becterial.m */,
				BE47C9EC197BFAC7003743C5 /* DataStorageManager.h */,
				BE47C9ED197BFAC7003743C5 /* DataStorageManager.m */,
				BE47C9EE197BFAC7003743C5 /* define.h */,
				BE47C9EF197BFAC7003743C5 /* GameCenterManager.h */,
				BE47C9F0197BFAC7003743C5 /* GameCenterManager.m */,
				BE0B2B49198CF563000C76DF /* GuideScene.h */,
				BE0B2B4C198CF597000C76DF /* GuideScene.m */,
				BE47C9F3197BFAC7003743C5 /* Killer.h */,
				BE47C9F4197BFAC7003743C5 /* Killer.m */,
				B7378992180767190076A88C /* MainScene.h */,
				B7378993180767190076A88C /* MainScene.m */,
				BE47C99C197BF8DC003743C5 /* Network */,
				BE47C9F6197BFAC7003743C5 /* PZLabelScore.h */,
				BE47C9F7197BFAC7003743C5 /* PZLabelScore.m */,
				BE6423211982BBF500669D61 /* ScoreNode.h */,
				BE6423221982BBF500669D61 /* ScoreNode.m */,
				BE47C9F8197BFAC7003743C5 /* ScoreScene.h */,
				BE47C9F9197BFAC7003743C5 /* ScoreScene.m */,
				BE1E4ECE19813DEB000EED56 /* Store */,
				BE47C952197BF836003743C5 /* UmengGameAnalytics */,
				BE47C956197BF836003743C5 /* UMSocial_Sdk_3.3.8 */,
				BEDFB220197D556100A4E561 /* Uper.h */,
				BEDFB221197D556100A4E561 /* Uper.m */,
				BE83D2FA197FF4DD00E3D7AA /* VirtualStore */,
				BE47C975197BF836003743C5 /* Wechat */,
				BE97B5B3197C10D800D8322D /* youmi */,
				BE203C341993AE1700AB73C4 /* Reward.h */,
				BE203C351993AE1700AB73C4 /* Reward.m */,
			);
			name = Source;
			sourceTree = "<group>";
		};
		B7378941180761A80076A88C /* Products */ = {
			isa = PBXGroup;
			children = (
				B737894B180761A90076A88C /* libcocos2d.a */,
			);
			name = Products;
			sourceTree = "<group>";
		};
		B73789911807667A0076A88C /* Icons */ = {
			isa = PBXGroup;
			children = (
				B71F5907188484E7003F4D28 /* iPad-old.png */,
				B71F5908188484E7003F4D28 /* iPad-old@2x.png */,
				B71F5909188484E7003F4D28 /* iPad.png */,
				B71F590A188484E7003F4D28 /* iPad@2x.png */,
				B71F590B188484E7003F4D28 /* iPhone-old.png */,
				B71F590C188484E7003F4D28 /* iPhone-old@2x.png */,
				B71F590D188484E7003F4D28 /* iPhone.png */,
				B71F590E188484E7003F4D28 /* iPhone@2x.png */,
				B71F590F188484E7003F4D28 /* Settings.png */,
				B71F5910188484E7003F4D28 /* Settings@2x.png */,
				B737896B180762440076A88C /* Default-568h@2x.png */,
				B737896C180762440076A88C /* Default-Landscape~ipad.png */,
				B737896D180762440076A88C /* Default.png */,
				B737896E180762440076A88C /* Default@2x.png */,
			);
			name = Icons;
			sourceTree = "<group>";
		};
		B77F1B2517B978D7009739AE = {
			isa = PBXGroup;
			children = (
				B737893C1807616C0076A88C /* Source */,
				B77F1B4617B978D7009739AE /* Resources */,
				9222E2B918734FF800A246C7 /* libs */,
				B77F1CCF17B978D8009739AE /* Supporting Files */,
				B77F1B3017B978D7009739AE /* Frameworks */,
				B77F1B2F17B978D7009739AE /* Products */,
			);
			sourceTree = "<group>";
		};
		B77F1B2F17B978D7009739AE /* Products */ = {
			isa = PBXGroup;
			children = (
				B77F1B2E17B978D7009739AE /* bacterial2.app */,
			);
			name = Products;
			sourceTree = "<group>";
		};
		B77F1B3017B978D7009739AE /* Frameworks */ = {
			isa = PBXGroup;
			children = (
				BEAF716B198BD5E0004F6BED /* AdSupport.framework */,
				BE97B5C8197C114900D8322D /* SystemConfiguration.framework */,
				BE97B5C6197C113300D8322D /* CFNetwork.framework */,
				BE97B5C4197C10FF00D8322D /* StoreKit.framework */,
				BE97B5C2197C10F700D8322D /* GameKit.framework */,
				8392007918EE8E3300B6C429 /* GLKit.framework */,
				B7B3713D180358F1007369CC /* libObjectiveChipmunk.a */,
				B77F1B3117B978D7009739AE /* QuartzCore.framework */,
				B77F1B3317B978D7009739AE /* OpenGLES.framework */,
				B77F1B3517B978D7009739AE /* OpenAL.framework */,
				B77F1B3717B978D7009739AE /* AudioToolbox.framework */,
				B77F1B3917B978D7009739AE /* AVFoundation.framework */,
				B77F1B3B17B978D7009739AE /* UIKit.framework */,
				B77F1B3D17B978D7009739AE /* Foundation.framework */,
				B77F1B3F17B978D7009739AE /* CoreGraphics.framework */,
				B77F1B4117B978D7009739AE /* CoreText.framework */,
			);
			name = Frameworks;
			sourceTree = "<group>";
		};
		B77F1B4617B978D7009739AE /* Resources */ = {
			isa = PBXGroup;
			children = (
				BE97B5B0197C106400D8322D /* Images.xcassets */,
				B73789911807667A0076A88C /* Icons */,
				B737893A180761570076A88C /* Published-iOS */,
			);
			name = Resources;
			path = Source/Resources;
			sourceTree = "<group>";
		};
		B77F1CCF17B978D8009739AE /* Supporting Files */ = {
			isa = PBXGroup;
			children = (
				B73789851807631A0076A88C /* main.m */,
				B73789861807631A0076A88C /* Prefix.pch */,
			);
			name = "Supporting Files";
			sourceTree = "<group>";
		};
		BE1E4ECE19813DEB000EED56 /* Store */ = {
			isa = PBXGroup;
			children = (
				BE47C9F5197BFAC7003743C5 /* products.plist */,
				BE47C9CC197BFA37003743C5 /* CashStoreManager.h */,
				BE47C9CD197BFA37003743C5 /* CashStoreManager.m */,
				BE47C9CE197BFA37003743C5 /* CashStorePaymentObserver.h */,
				BE47C9CF197BFA37003743C5 /* CashStorePaymentObserver.m */,
				BE1E4ED019813E01000EED56 /* StoreScene.h */,
				BE1E4ED119813E01000EED56 /* StoreScene.m */,
				BE1E4ED319814ACE000EED56 /* StoreItem.h */,
				BE1E4ED419814ACE000EED56 /* StoreItem.m */,
			);
			name = Store;
			sourceTree = "<group>";
		};
		BE47C952197BF836003743C5 /* UmengGameAnalytics */ = {
			isa = PBXGroup;
			children = (
				BE47C953197BF836003743C5 /* libMobClickGameLibrary.a */,
				BE47C954197BF836003743C5 /* MobClick.h */,
				BE47C955197BF836003743C5 /* MobClickGameAnalytics.h */,
			);
			path = UmengGameAnalytics;
			sourceTree = "<group>";
		};
		BE47C956197BF836003743C5 /* UMSocial_Sdk_3.3.8 */ = {
			isa = PBXGroup;
			children = (
				BE47C957197BF836003743C5 /* UMSocialLocalizable.strings */,
				BE47C959197BF836003743C5 /* Header */,
				BE47C965197BF836003743C5 /* libUMSocial_Sdk_3.3.8.a */,
				BE47C966197BF836003743C5 /* SocialSDKXib */,
				BE47C96F197BF836003743C5 /* UMSocial_ScreenShot_Sdk */,
				BE47C973197BF836003743C5 /* UMSocialSDKResourcesNew.bundle */,
			);
			path = UMSocial_Sdk_3.3.8;
			sourceTree = "<group>";
		};
		BE47C959197BF836003743C5 /* Header */ = {
			isa = PBXGroup;
			children = (
				BE47C95A197BF836003743C5 /* UMSocial.h */,
				BE47C95B197BF836003743C5 /* UMSocialAccountManager.h */,
				BE47C95C197BF836003743C5 /* UMSocialBar.h */,
				BE47C95D197BF836003743C5 /* UMSocialConfig.h */,
				BE47C95E197BF836003743C5 /* UMSocialControllerService.h */,
				BE47C95F197BF836003743C5 /* UMSocialControllerServiceComment.h */,
				BE47C960197BF836003743C5 /* UMSocialData.h */,
				BE47C961197BF836003743C5 /* UMSocialDataService.h */,
				BE47C962197BF836003743C5 /* UMSocialSnsData.h */,
				BE47C963197BF836003743C5 /* UMSocialSnsPlatformManager.h */,
				BE47C964197BF836003743C5 /* UMSocialSnsService.h */,
			);
			path = Header;
			sourceTree = "<group>";
		};
		BE47C966197BF836003743C5 /* SocialSDKXib */ = {
			isa = PBXGroup;
			children = (
				BE47C967197BF836003743C5 /* UMSCommentDetailController.xib */,
				BE47C968197BF836003743C5 /* UMSCommentInputController.xib */,
				BE47C969197BF836003743C5 /* UMSCommentInputControlleriPad.xib */,
				BE47C96A197BF836003743C5 /* UMShareEditViewController.xib */,
				BE47C96B197BF836003743C5 /* UMShareEditViewControlleriPad.xib */,
				BE47C96C197BF836003743C5 /* UMSLoginViewController.xib */,
				BE47C96D197BF836003743C5 /* UMSnsAccountViewController.xib */,
				BE47C96E197BF836003743C5 /* UMSShareListController.xib */,
			);
			path = SocialSDKXib;
			sourceTree = "<group>";
		};
		BE47C96F197BF836003743C5 /* UMSocial_ScreenShot_Sdk */ = {
			isa = PBXGroup;
			children = (
				BE47C970197BF836003743C5 /* ios-social-sdk-shake.html */,
				BE47C971197BF836003743C5 /* libUMSocial_Sdk_ScreenShot_1.0.a */,
				BE47C972197BF836003743C5 /* UMSocialScreenShoter.h */,
			);
			path = UMSocial_ScreenShot_Sdk;
			sourceTree = "<group>";
		};
		BE47C975197BF836003743C5 /* Wechat */ = {
			isa = PBXGroup;
			children = (
				BE47C976197BF836003743C5 /* libSocialWechat.a */,
				BE47C977197BF836003743C5 /* libWeChatSDK.a */,
				BE47C978197BF836003743C5 /* UMSocialWechatHandler.h */,
				BE47C979197BF836003743C5 /* WXApi.h */,
				BE47C97A197BF836003743C5 /* WXApiObject.h */,
			);
			path = Wechat;
			sourceTree = "<group>";
		};
		BE47C99C197BF8DC003743C5 /* Network */ = {
			isa = PBXGroup;
			children = (
				BE47C99D197BF929003743C5 /* PZWebManager.h */,
				BE47C99E197BF929003743C5 /* PZWebManager.m */,
				BE47C99F197BF929003743C5 /* Reachability.h */,
				BE47C9A0197BF929003743C5 /* Reachability.m */,
			);
			name = Network;
			sourceTree = "<group>";
		};
		BE6423251982BC6C00669D61 /* include */ = {
			isa = PBXGroup;
			children = (
				BE6423261982BC6C00669D61 /* YouMiConfig.h */,
				BE6423271982BC6C00669D61 /* YouMiDelegateProtocol.h */,
				BE6423281982BC6C00669D61 /* YouMiPointsManager.h */,
				BE6423291982BC6C00669D61 /* YouMiSpots.h */,
				BE64232A1982BC6C00669D61 /* YouMiView.h */,
				BE64232B1982BC6C00669D61 /* YouMiWall.h */,
				BE64232C1982BC6C00669D61 /* YouMiWallAppModel.h */,
				BE64232D1982BC6C00669D61 /* YouMiWallSpot.h */,
				BE64232E1982BC6C00669D61 /* YouMiWallSpotView.h */,
			);
			path = include;
			sourceTree = "<group>";
		};
		BE83D2FA197FF4DD00E3D7AA /* VirtualStore */ = {
			isa = PBXGroup;
			children = (
				BE83D2F6197FF48600E3D7AA /* VirtualStore.h */,
				BE83D2F7197FF48600E3D7AA /* VirtualStore.m */,
				BE83D2FF19800CD200E3D7AA /* virtual_const.plist */,
			);
			name = VirtualStore;
			sourceTree = "<group>";
		};
		BE97B5B3197C10D800D8322D /* youmi */ = {
			isa = PBXGroup;
			children = (
				BE6423331982BC7600669D61 /* youmiconfuse.h */,
				BE6423251982BC6C00669D61 /* include */,
				BE64232F1982BC6C00669D61 /* libOpenIDFA.a */,
				BE6423301982BC6C00669D61 /* libYouMi.a */,
			);
			name = youmi;
			path = lib;
			sourceTree = "<group>";
		};
/* End PBXGroup section */

/* Begin PBXNativeTarget section */
		B77F1B2D17B978D7009739AE /* bacterial2 */ = {
			isa = PBXNativeTarget;
			buildConfigurationList = B77F1CDE17B978D8009739AE /* Build configuration list for PBXNativeTarget "bacterial2" */;
			buildPhases = (
				D2E0167A18D782EC00927430 /* Run Script */,
				B77F1B2A17B978D7009739AE /* Sources */,
				B77F1B2B17B978D7009739AE /* Frameworks */,
				B77F1B2C17B978D7009739AE /* Resources */,
			);
			buildRules = (
			);
			dependencies = (
				B7378989180764180076A88C /* PBXTargetDependency */,
			);
			name = bacterial2;
			productName = Example;
			productReference = B77F1B2E17B978D7009739AE /* bacterial2.app */;
			productType = "com.apple.product-type.application";
		};
/* End PBXNativeTarget section */

/* Begin PBXProject section */
		B77F1B2617B978D7009739AE /* Project object */ = {
			isa = PBXProject;
			attributes = {
				LastUpgradeCheck = 0510;
				ORGANIZATIONNAME = Apportable;
				TargetAttributes = {
					B77F1B2D17B978D7009739AE = {
						DevelopmentTeam = PARQ38GC9Z;
						SystemCapabilities = {
							com.apple.GameCenter = {
								enabled = 1;
							};
							com.apple.InAppPurchase = {
								enabled = 1;
							};
						};
					};
				};
			};
			buildConfigurationList = B77F1B2917B978D7009739AE /* Build configuration list for PBXProject "bacterial2" */;
			compatibilityVersion = "Xcode 3.2";
			developmentRegion = English;
			hasScannedForEncodings = 0;
			knownRegions = (
				en,
				"zh-Hans",
			);
			mainGroup = B77F1B2517B978D7009739AE;
			productRefGroup = B77F1B2F17B978D7009739AE /* Products */;
			projectDirPath = "";
			projectReferences = (
				{
					ProductGroup = B7378941180761A80076A88C /* Products */;
					ProjectRef = B7378940180761A80076A88C /* cocos2d-ios.xcodeproj */;
				},
			);
			projectRoot = "";
			targets = (
				B77F1B2D17B978D7009739AE /* bacterial2 */,
			);
		};
/* End PBXProject section */

/* Begin PBXReferenceProxy section */
		B737894B180761A90076A88C /* libcocos2d.a */ = {
			isa = PBXReferenceProxy;
			fileType = archive.ar;
			path = libcocos2d.a;
			remoteRef = B737894A180761A90076A88C /* PBXContainerItemProxy */;
			sourceTree = BUILT_PRODUCTS_DIR;
		};
/* End PBXReferenceProxy section */

/* Begin PBXResourcesBuildPhase section */
		B77F1B2C17B978D7009739AE /* Resources */ = {
			isa = PBXResourcesBuildPhase;
			buildActionMask = 2147483647;
			files = (
				B71F5919188484E7003F4D28 /* Settings.png in Resources */,
				BE47C97E197BF836003743C5 /* UMSCommentDetailController.xib in Resources */,
				B7378978180762440076A88C /* Default@2x.png in Resources */,
				BE47C97C197BF836003743C5 /* UMSocialLocalizable.strings in Resources */,
				BE0867F71985405C007260E9 /* achievement_const.plist in Resources */,
				BE47C981197BF836003743C5 /* UMShareEditViewController.xib in Resources */,
				B71F5914188484E7003F4D28 /* iPad@2x.png in Resources */,
				B71F5913188484E7003F4D28 /* iPad.png in Resources */,
				BE47C97F197BF836003743C5 /* UMSCommentInputController.xib in Resources */,
				BE97B5B1197C106400D8322D /* Images.xcassets in Resources */,
				B71F5912188484E7003F4D28 /* iPad-old@2x.png in Resources */,
				B71F5916188484E7003F4D28 /* iPhone-old@2x.png in Resources */,
				BE47C983197BF836003743C5 /* UMSLoginViewController.xib in Resources */,
				BE47C985197BF836003743C5 /* UMSShareListController.xib in Resources */,
				BE47C988197BF837003743C5 /* UMSocialSDKResourcesNew.bundle in Resources */,
				B737893B180761570076A88C /* Published-iOS in Resources */,
				BE47C9FF197BFAC7003743C5 /* products.plist in Resources */,
				BE47C984197BF836003743C5 /* UMSnsAccountViewController.xib in Resources */,
				B71F591A188484E7003F4D28 /* Settings@2x.png in Resources */,
				B7378976180762440076A88C /* Default-Landscape~ipad.png in Resources */,
				B71F5915188484E7003F4D28 /* iPhone-old.png in Resources */,
				B71F5917188484E7003F4D28 /* iPhone.png in Resources */,
				BE0B2B4A198CF563000C76DF /* GuideScene.h in Resources */,
				B7378975180762440076A88C /* Default-568h@2x.png in Resources */,
				B71F5918188484E7003F4D28 /* iPhone@2x.png in Resources */,
				B7378977180762440076A88C /* Default.png in Resources */,
				B71F5911188484E7003F4D28 /* iPad-old.png in Resources */,
				BE47C980197BF836003743C5 /* UMSCommentInputControlleriPad.xib in Resources */,
				BE47C982197BF836003743C5 /* UMShareEditViewControlleriPad.xib in Resources */,
				BE83D30019800CD200E3D7AA /* virtual_const.plist in Resources */,
				BE47C986197BF836003743C5 /* ios-social-sdk-shake.html in Resources */,
			);
			runOnlyForDeploymentPostprocessing = 0;
		};
/* End PBXResourcesBuildPhase section */

/* Begin PBXShellScriptBuildPhase section */
		D2E0167A18D782EC00927430 /* Run Script */ = {
			isa = PBXShellScriptBuildPhase;
			buildActionMask = 2147483647;
			files = (
			);
			inputPaths = (
			);
			name = "Run Script";
			outputPaths = (
			);
			runOnlyForDeploymentPostprocessing = 0;
			shellPath = /bin/sh;
			shellScript = "osascript -e 'tell application \"System Events\"' -e 'set ProcessList to name of every process' -e 'if \"SpriteBuilder\" is in ProcessList then' -e 'tell application \"SpriteBuilder\" to publish' -e 'end if' -e 'end tell'";
		};
/* End PBXShellScriptBuildPhase section */

/* Begin PBXSourcesBuildPhase section */
		B77F1B2A17B978D7009739AE /* Sources */ = {
			isa = PBXSourcesBuildPhase;
			buildActionMask = 2147483647;
			files = (
				BE6423231982BBF500669D61 /* ScoreNode.m in Sources */,
				BE47C9FC197BFAC7003743C5 /* GameCenterManager.m in Sources */,
				BE47C9FA197BFAC7003743C5 /* Becterial.m in Sources */,
				BEDC301F199109200099FD6D /* GuideUper.m in Sources */,
				BE47C9FB197BFAC7003743C5 /* DataStorageManager.m in Sources */,
				BE47C9A1197BF929003743C5 /* PZWebManager.m in Sources */,
				BE203C361993AE1700AB73C4 /* Reward.m in Sources */,
				BE47C9FE197BFAC7003743C5 /* Killer.m in Sources */,
				BEDFB222197D556100A4E561 /* Uper.m in Sources */,
				BE1E4ED219813E01000EED56 /* StoreScene.m in Sources */,
				B737893F1807617C0076A88C /* AppDelegate.m in Sources */,
				BE47C9DC197BFA37003743C5 /* CashStoreManager.m in Sources */,
				B7378994180767190076A88C /* MainScene.m in Sources */,
				B73789871807631A0076A88C /* main.m in Sources */,
				BE83D2F8197FF48600E3D7AA /* VirtualStore.m in Sources */,
				BEDC301E199109200099FD6D /* GuideKiller.m in Sources */,
				BE47C9A2197BF929003743C5 /* Reachability.m in Sources */,
				BE47C9DD197BFA37003743C5 /* CashStorePaymentObserver.m in Sources */,
				BE1E4ED519814ACE000EED56 /* StoreItem.m in Sources */,
				BE47CA00197BFAC7003743C5 /* PZLabelScore.m in Sources */,
				BE47CA01197BFAC7003743C5 /* ScoreScene.m in Sources */,
				BE0B2B4D198CF597000C76DF /* GuideScene.m in Sources */,
			);
			runOnlyForDeploymentPostprocessing = 0;
		};
/* End PBXSourcesBuildPhase section */

/* Begin PBXTargetDependency section */
		B7378989180764180076A88C /* PBXTargetDependency */ = {
			isa = PBXTargetDependency;
			name = cocos2d;
			targetProxy = B7378988180764180076A88C /* PBXContainerItemProxy */;
		};
/* End PBXTargetDependency section */

/* Begin PBXVariantGroup section */
		BE47C957197BF836003743C5 /* UMSocialLocalizable.strings */ = {
			isa = PBXVariantGroup;
			children = (
				BE47C974197BF836003743C5 /* zh-Hans */,
			);
			name = UMSocialLocalizable.strings;
			sourceTree = "<group>";
		};
/* End PBXVariantGroup section */

/* Begin XCBuildConfiguration section */
		B77F1CDC17B978D8009739AE /* Debug */ = {
			isa = XCBuildConfiguration;
			buildSettings = {
				CLANG_WARN_BOOL_CONVERSION = YES;
				CLANG_WARN_CONSTANT_CONVERSION = YES;
				CLANG_WARN_EMPTY_BODY = YES;
				CLANG_WARN_ENUM_CONVERSION = YES;
				CLANG_WARN_INT_CONVERSION = YES;
				CLANG_WARN__DUPLICATE_METHOD_MATCH = YES;
				"CODE_SIGN_IDENTITY[sdk=iphoneos*]" = "iPhone Developer";
				GCC_C_LANGUAGE_STANDARD = gnu99;
				GCC_OPTIMIZATION_LEVEL = 0;
				GCC_PREPROCESSOR_DEFINITIONS = (
					DEBUG,
					"COCOS2D_DEBUG=1",
				);
				GCC_SYMBOLS_PRIVATE_EXTERN = NO;
				GCC_VERSION = com.apple.compilers.llvm.clang.1_0;
				GCC_WARN_64_TO_32_BIT_CONVERSION = YES;
				GCC_WARN_ABOUT_RETURN_TYPE = YES;
				GCC_WARN_UNDECLARED_SELECTOR = YES;
				GCC_WARN_UNINITIALIZED_AUTOS = YES;
				GCC_WARN_UNUSED_FUNCTION = YES;
				GCC_WARN_UNUSED_VARIABLE = YES;
				IPHONEOS_DEPLOYMENT_TARGET = 4.0;
				ONLY_ACTIVE_ARCH = YES;
				SDKROOT = iphoneos;
				TARGETED_DEVICE_FAMILY = "1,2";
			};
			name = Debug;
		};
		B77F1CDD17B978D8009739AE /* Release */ = {
			isa = XCBuildConfiguration;
			buildSettings = {
				CLANG_WARN_BOOL_CONVERSION = YES;
				CLANG_WARN_CONSTANT_CONVERSION = YES;
				CLANG_WARN_EMPTY_BODY = YES;
				CLANG_WARN_ENUM_CONVERSION = YES;
				CLANG_WARN_INT_CONVERSION = YES;
				CLANG_WARN__DUPLICATE_METHOD_MATCH = YES;
				"CODE_SIGN_IDENTITY[sdk=iphoneos*]" = "iPhone Developer";
				GCC_C_LANGUAGE_STANDARD = gnu99;
				GCC_PREPROCESSOR_DEFINITIONS = (
					NDEBUG,
					"NS_BLOCK_ASSERTIONS=1",
				);
				GCC_VERSION = com.apple.compilers.llvm.clang.1_0;
				GCC_WARN_64_TO_32_BIT_CONVERSION = YES;
				GCC_WARN_ABOUT_RETURN_TYPE = YES;
				GCC_WARN_UNDECLARED_SELECTOR = YES;
				GCC_WARN_UNINITIALIZED_AUTOS = YES;
				GCC_WARN_UNUSED_FUNCTION = YES;
				GCC_WARN_UNUSED_VARIABLE = YES;
				IPHONEOS_DEPLOYMENT_TARGET = 4.0;
				SDKROOT = iphoneos;
				TARGETED_DEVICE_FAMILY = "1,2";
			};
			name = Release;
		};
		B77F1CDF17B978D8009739AE /* Debug */ = {
			isa = XCBuildConfiguration;
			buildSettings = {
				ALWAYS_SEARCH_USER_PATHS = NO;
				ARCHS = "$(ARCHS_STANDARD)";
				ASSETCATALOG_COMPILER_APPICON_NAME = AppIcon;
				ASSETCATALOG_COMPILER_LAUNCHIMAGE_NAME = LaunchImage;
				CLANG_ENABLE_OBJC_ARC = YES;
				CODE_SIGN_IDENTITY = "iPhone Developer";
				"CODE_SIGN_IDENTITY[sdk=iphoneos*]" = "iPhone Developer";
				COPY_PHASE_STRIP = NO;
				GCC_DYNAMIC_NO_PIC = NO;
				GCC_PRECOMPILE_PREFIX_HEADER = YES;
				GCC_PREFIX_HEADER = Source/Prefix.pch;
				HEADER_SEARCH_PATHS = (
					"\"Source/libs/cocos2d-iphone/external/kazmath/include\"/**",
					"\"Source/libs/cocos2d-iphone/cocos2d\"/**",
					"Source/libs/cocos2d-iphone/external/Chipmunk/objectivec/include",
					"Source/libs/cocos2d-iphone/external/Chipmunk/include",
					"\"Source/libs/cocos2d-iphone/cocos2d-ui\"/**",
					"\"Source/libs/cocos2d-iphone/external/ObjectAL\"/**",
				);
				INFOPLIST_FILE = Source/Resources/Info.plist;
				IPHONEOS_DEPLOYMENT_TARGET = 6.1;
				LIBRARY_SEARCH_PATHS = (
					"$(inherited)",
					"$(PROJECT_DIR)/UmengGameAnalytics",
					"$(PROJECT_DIR)/UMSocial_Sdk_3.3.8",
					"$(PROJECT_DIR)/UMSocial_Sdk_3.3.8/UMSocial_ScreenShot_Sdk",
					"$(PROJECT_DIR)/Wechat",
					"$(PROJECT_DIR)/youmi",
					"$(PROJECT_DIR)/lib",
				);
				ONLY_ACTIVE_ARCH = YES;
				OTHER_LDFLAGS = (
					"-lz",
					"-lsqlite3",
					"-ObjC",
				);
				PRODUCT_NAME = bacterial2;
				PROVISIONING_PROFILE = "";
				VALID_ARCHS = "armv7 armv7s";
				WRAPPER_EXTENSION = app;
			};
			name = Debug;
		};
		B77F1CE017B978D8009739AE /* Release */ = {
			isa = XCBuildConfiguration;
			buildSettings = {
				ALWAYS_SEARCH_USER_PATHS = NO;
				ARCHS = "$(ARCHS_STANDARD)";
				ASSETCATALOG_COMPILER_APPICON_NAME = AppIcon;
				ASSETCATALOG_COMPILER_LAUNCHIMAGE_NAME = LaunchImage;
				CLANG_ENABLE_OBJC_ARC = YES;
				CODE_SIGN_IDENTITY = "iPhone Developer";
				"CODE_SIGN_IDENTITY[sdk=iphoneos*]" = "iPhone Developer";
				COPY_PHASE_STRIP = YES;
				GCC_PRECOMPILE_PREFIX_HEADER = YES;
				GCC_PREFIX_HEADER = Source/Prefix.pch;
				HEADER_SEARCH_PATHS = (
					"\"Source/libs/cocos2d-iphone/external/kazmath/include\"/**",
					"\"Source/libs/cocos2d-iphone/cocos2d\"/**",
					"Source/libs/cocos2d-iphone/external/Chipmunk/objectivec/include",
					"Source/libs/cocos2d-iphone/external/Chipmunk/include",
					"\"Source/libs/cocos2d-iphone/cocos2d-ui\"/**",
					"\"Source/libs/cocos2d-iphone/external/ObjectAL\"/**",
				);
				INFOPLIST_FILE = Source/Resources/Info.plist;
				IPHONEOS_DEPLOYMENT_TARGET = 6.1;
				LIBRARY_SEARCH_PATHS = (
					"$(inherited)",
					"$(PROJECT_DIR)/UmengGameAnalytics",
					"$(PROJECT_DIR)/UMSocial_Sdk_3.3.8",
					"$(PROJECT_DIR)/UMSocial_Sdk_3.3.8/UMSocial_ScreenShot_Sdk",
					"$(PROJECT_DIR)/Wechat",
					"$(PROJECT_DIR)/youmi",
					"$(PROJECT_DIR)/lib",
				);
				OTHER_LDFLAGS = (
					"-lz",
					"-lsqlite3",
					"-ObjC",
				);
				PRODUCT_NAME = bacterial2;
				PROVISIONING_PROFILE = "";
				VALIDATE_PRODUCT = YES;
				VALID_ARCHS = "armv7 armv7s";
				WRAPPER_EXTENSION = app;
			};
			name = Release;
		};
/* End XCBuildConfiguration section */

/* Begin XCConfigurationList section */
		B77F1B2917B978D7009739AE /* Build configuration list for PBXProject "bacterial2" */ = {
			isa = XCConfigurationList;
			buildConfigurations = (
				B77F1CDC17B978D8009739AE /* Debug */,
				B77F1CDD17B978D8009739AE /* Release */,
			);
			defaultConfigurationIsVisible = 0;
			defaultConfigurationName = Release;
		};
		B77F1CDE17B978D8009739AE /* Build configuration list for PBXNativeTarget "bacterial2" */ = {
			isa = XCConfigurationList;
			buildConfigurations = (
				B77F1CDF17B978D8009739AE /* Debug */,
				B77F1CE017B978D8009739AE /* Release */,
			);
			defaultConfigurationIsVisible = 0;
			defaultConfigurationName = Release;
		};
/* End XCConfigurationList section */
	};
	rootObject = B77F1B2617B978D7009739AE /* Project object */;
}
